
Microsoft Visual Studio Solution File, Format Version 12.00
# Visual Studio Version 16
VisualStudioVersion = 16.0.29215.179
MinimumVisualStudioVersion = 10.0.40219.1
Project("{FAE04EC0-301F-11D3-BF4B-00C04F79EFBC}") = "20190904", "20190904\20190904.csproj", "{E0E120AF-9EED-42E1-BD5B-8467C6DCC85C}"
EndProject
Global
	GlobalSection(SolutionConfigurationPlatforms) = preSolution
		Debug|Any CPU = Debug|Any CPU
		Release|Any CPU = Release|Any CPU
	EndGlobalSection
	GlobalSection(ProjectConfigurationPlatforms) = postSolution
		{E0E120AF-9EED-42E1-BD5B-8467C6DCC85C}.Debug|Any CPU.ActiveCfg = Debug|Any CPU
		{E0E120AF-9EED-42E1-BD5B-8467C6DCC85C}.Debug|Any CPU.Build.0 = Debug|Any CPU
		{E0E120AF-9EED-42E1-BD5B-8467C6DCC85C}.Release|Any CPU.ActiveCfg = Release|Any CPU
		{E0E120AF-9EED-42E1-BD5B-8467C6DCC85C}.Release|Any CPU.Build.0 = Release|Any CPU
	EndGlobalSection
	GlobalSection(SolutionProperties) = preSolution
		HideSolutionNode = FALSE
	EndGlobalSection
	GlobalSection(ExtensibilityGlobals) = postSolution
		SolutionGuid = {F89E0FF4-ABAC-43F1-B669-8A9023FB252A}
	EndGlobalSection
EndGlobal
